// !$*UTF8*$!
{
	archiveVersion = 1;
	classes = {
	};
	objectVersion = 46;
	objects = {

/* Begin PBXBuildFile section */
		1B41334BFB27471F11B8E725 /* libPods-IOSTrelloDemoTests.a in Frameworks */ = {isa = PBXBuildFile; fileRef = D54CEF6B92FF0A8404F6E016 /* libPods-IOSTrelloDemoTests.a */; };
		1B50A0445169FEFB44CF2626 /* libPods-IOSTrelloDemo.a in Frameworks */ = {isa = PBXBuildFile; fileRef = 0109A8DEE3B01CC98664C465 /* libPods-IOSTrelloDemo.a */; };
		9237A0921B04986500C27B1D /* PWWSManagerSpec.m in Sources */ = {isa = PBXBuildFile; fileRef = 9237A0911B04986500C27B1D /* PWWSManagerSpec.m */; };
		9237A0971B0498CD00C27B1D /* PWWSManager.m in Sources */ = {isa = PBXBuildFile; fileRef = 9237A0961B0498CD00C27B1D /* PWWSManager.m */; };
		9240FC391B055F8D00D65265 /* PWLoginViewControllerSpec.m in Sources */ = {isa = PBXBuildFile; fileRef = 9240FC381B055F8D00D65265 /* PWLoginViewControllerSpec.m */; };
		9240FC3B1B05694600D65265 /* Localizable.strings in Resources */ = {isa = PBXBuildFile; fileRef = 9240FC3A1B05694600D65265 /* Localizable.strings */; };
		92573A911B04C2780004875F /* PWDataManager.m in Sources */ = {isa = PBXBuildFile; fileRef = 92573A901B04C2780004875F /* PWDataManager.m */; };
		92573A931B04C29C0004875F /* PWDataManagerSpec.m in Sources */ = {isa = PBXBuildFile; fileRef = 92573A921B04C29C0004875F /* PWDataManagerSpec.m */; };
		92573AA31B04D7B60004875F /* PWNavigationControllerDelegate.m in Sources */ = {isa = PBXBuildFile; fileRef = 92573AA21B04D7B60004875F /* PWNavigationControllerDelegate.m */; };
		92573AA81B04D7F20004875F /* PWPopAnimator.m in Sources */ = {isa = PBXBuildFile; fileRef = 92573AA51B04D7F20004875F /* PWPopAnimator.m */; };
		92573AA91B04D7F20004875F /* PWPushAnimator.m in Sources */ = {isa = PBXBuildFile; fileRef = 92573AA71B04D7F20004875F /* PWPushAnimator.m */; };
		9272DCD21B058AC8009D6D09 /* PWBoard.m in Sources */ = {isa = PBXBuildFile; fileRef = 9272DCD11B058AC8009D6D09 /* PWBoard.m */; };
		9272DCDC1B059646009D6D09 /* PWList.m in Sources */ = {isa = PBXBuildFile; fileRef = 9272DCDB1B059646009D6D09 /* PWList.m */; };
		9272DCDF1B059E46009D6D09 /* PWCard.m in Sources */ = {isa = PBXBuildFile; fileRef = 9272DCDE1B059E46009D6D09 /* PWCard.m */; };
		9272DCE71B05AB7B009D6D09 /* PWHomeViewController.m in Sources */ = {isa = PBXBuildFile; fileRef = 9272DCE61B05AB7B009D6D09 /* PWHomeViewController.m */; };
		9272DCE91B05ABC6009D6D09 /* PWHomeViewControllerSpec.m in Sources */ = {isa = PBXBuildFile; fileRef = 9272DCE81B05ABC6009D6D09 /* PWHomeViewControllerSpec.m */; };
		9272DCF01B05D653009D6D09 /* PWHomeCollectionViewCell.m in Sources */ = {isa = PBXBuildFile; fileRef = 9272DCEF1B05D653009D6D09 /* PWHomeCollectionViewCell.m */; };
		9272DCF31B05D817009D6D09 /* FunkRenderDelegate.m in Sources */ = {isa = PBXBuildFile; fileRef = 9272DCF21B05D817009D6D09 /* FunkRenderDelegate.m */; };
		9272DCF91B05EE03009D6D09 /* PWSpringLayout.m in Sources */ = {isa = PBXBuildFile; fileRef = 9272DCF81B05EE03009D6D09 /* PWSpringLayout.m */; };
		9272DCFE1B0607EC009D6D09 /* PWDetailViewController.m in Sources */ = {isa = PBXBuildFile; fileRef = 9272DCFD1B0607EC009D6D09 /* PWDetailViewController.m */; };
		9272DD001B06081B009D6D09 /* PWDetailViewControllerSpec.m in Sources */ = {isa = PBXBuildFile; fileRef = 9272DCFF1B06081B009D6D09 /* PWDetailViewControllerSpec.m */; };
		9272DD031B062244009D6D09 /* PWViewController.m in Sources */ = {isa = PBXBuildFile; fileRef = 9272DD021B062244009D6D09 /* PWViewController.m */; };
		92A13BE51B09A8E7003C37FA /* PWCardSpec.m in Sources */ = {isa = PBXBuildFile; fileRef = 92A13BE41B09A8E7003C37FA /* PWCardSpec.m */; };
		92E5D46B1B0491F2005A4D0D /* main.m in Sources */ = {isa = PBXBuildFile; fileRef = 92E5D46A1B0491F2005A4D0D /* main.m */; };
		92E5D46E1B0491F2005A4D0D /* AppDelegate.m in Sources */ = {isa = PBXBuildFile; fileRef = 92E5D46D1B0491F2005A4D0D /* AppDelegate.m */; };
		92E5D4741B0491F2005A4D0D /* Main.storyboard in Resources */ = {isa = PBXBuildFile; fileRef = 92E5D4721B0491F2005A4D0D /* Main.storyboard */; };
		92E5D4761B0491F2005A4D0D /* Images.xcassets in Resources */ = {isa = PBXBuildFile; fileRef = 92E5D4751B0491F2005A4D0D /* Images.xcassets */; };
		92E5D4791B0491F2005A4D0D /* LaunchScreen.xib in Resources */ = {isa = PBXBuildFile; fileRef = 92E5D4771B0491F2005A4D0D /* LaunchScreen.xib */; };
		92E8DCD61B054C1C00B6DE81 /* PWLoginViewController.m in Sources */ = {isa = PBXBuildFile; fileRef = 92E8DCD51B054C1C00B6DE81 /* PWLoginViewController.m */; };
		92E8DCDD1B05546F00B6DE81 /* MainStoryboardSpec.m in Sources */ = {isa = PBXBuildFile; fileRef = 92E8DCDC1B05546F00B6DE81 /* MainStoryboardSpec.m */; };
/* End PBXBuildFile section */

/* Begin PBXContainerItemProxy section */
		92E5D47F1B0491F2005A4D0D /* PBXContainerItemProxy */ = {
			isa = PBXContainerItemProxy;
			containerPortal = 92E5D45D1B0491F2005A4D0D /* Project object */;
			proxyType = 1;
			remoteGlobalIDString = 92E5D4641B0491F2005A4D0D;
			remoteInfo = IOSTrelloDemo;
		};
/* End PBXContainerItemProxy section */

/* Begin PBXFileReference section */
		0109A8DEE3B01CC98664C465 /* libPods-IOSTrelloDemo.a */ = {isa = PBXFileReference; explicitFileType = archive.ar; includeInIndex = 0; path = "libPods-IOSTrelloDemo.a"; sourceTree = BUILT_PRODUCTS_DIR; };
		1BCED993224F93CA8A68122E /* Pods-IOSTrelloDemoTests.debug.xcconfig */ = {isa = PBXFileReference; includeInIndex = 1; lastKnownFileType = text.xcconfig; name = "Pods-IOSTrelloDemoTests.debug.xcconfig"; path = "Pods/Target Support Files/Pods-IOSTrelloDemoTests/Pods-IOSTrelloDemoTests.debug.xcconfig"; sourceTree = "<group>"; };
		8ED6A489C7CA15858A790602 /* Pods-IOSTrelloDemoTests.release.xcconfig */ = {isa = PBXFileReference; includeInIndex = 1; lastKnownFileType = text.xcconfig; name = "Pods-IOSTrelloDemoTests.release.xcconfig"; path = "Pods/Target Support Files/Pods-IOSTrelloDemoTests/Pods-IOSTrelloDemoTests.release.xcconfig"; sourceTree = "<group>"; };
		9237A0911B04986500C27B1D /* PWWSManagerSpec.m */ = {isa = PBXFileReference; fileEncoding = 4; lastKnownFileType = sourcecode.c.objc; path = PWWSManagerSpec.m; sourceTree = "<group>"; };
		9237A0951B0498CD00C27B1D /* PWWSManager.h */ = {isa = PBXFileReference; fileEncoding = 4; lastKnownFileType = sourcecode.c.h; path = PWWSManager.h; sourceTree = "<group>"; };
		9237A0961B0498CD00C27B1D /* PWWSManager.m */ = {isa = PBXFileReference; fileEncoding = 4; lastKnownFileType = sourcecode.c.objc; path = PWWSManager.m; sourceTree = "<group>"; };
		9240FC381B055F8D00D65265 /* PWLoginViewControllerSpec.m */ = {isa = PBXFileReference; fileEncoding = 4; lastKnownFileType = sourcecode.c.objc; path = PWLoginViewControllerSpec.m; sourceTree = "<group>"; };
		9240FC3A1B05694600D65265 /* Localizable.strings */ = {isa = PBXFileReference; fileEncoding = 4; lastKnownFileType = text.plist.strings; path = Localizable.strings; sourceTree = "<group>"; };
		92573A8F1B04C2780004875F /* PWDataManager.h */ = {isa = PBXFileReference; fileEncoding = 4; lastKnownFileType = sourcecode.c.h; path = PWDataManager.h; sourceTree = "<group>"; };
		92573A901B04C2780004875F /* PWDataManager.m */ = {isa = PBXFileReference; fileEncoding = 4; lastKnownFileType = sourcecode.c.objc; path = PWDataManager.m; sourceTree = "<group>"; };
		92573A921B04C29C0004875F /* PWDataManagerSpec.m */ = {isa = PBXFileReference; fileEncoding = 4; lastKnownFileType = sourcecode.c.objc; path = PWDataManagerSpec.m; sourceTree = "<group>"; };
		92573AA11B04D7B60004875F /* PWNavigationControllerDelegate.h */ = {isa = PBXFileReference; fileEncoding = 4; lastKnownFileType = sourcecode.c.h; path = PWNavigationControllerDelegate.h; sourceTree = "<group>"; };
		92573AA21B04D7B60004875F /* PWNavigationControllerDelegate.m */ = {isa = PBXFileReference; fileEncoding = 4; lastKnownFileType = sourcecode.c.objc; path = PWNavigationControllerDelegate.m; sourceTree = "<group>"; };
		92573AA41B04D7F20004875F /* PWPopAnimator.h */ = {isa = PBXFileReference; fileEncoding = 4; lastKnownFileType = sourcecode.c.h; path = PWPopAnimator.h; sourceTree = "<group>"; };
		92573AA51B04D7F20004875F /* PWPopAnimator.m */ = {isa = PBXFileReference; fileEncoding = 4; lastKnownFileType = sourcecode.c.objc; path = PWPopAnimator.m; sourceTree = "<group>"; };
		92573AA61B04D7F20004875F /* PWPushAnimator.h */ = {isa = PBXFileReference; fileEncoding = 4; lastKnownFileType = sourcecode.c.h; path = PWPushAnimator.h; sourceTree = "<group>"; };
		92573AA71B04D7F20004875F /* PWPushAnimator.m */ = {isa = PBXFileReference; fileEncoding = 4; lastKnownFileType = sourcecode.c.objc; path = PWPushAnimator.m; sourceTree = "<group>"; };
		9272DCCF1B058081009D6D09 /* IOSTrelloDemoTests-Prefix.pch */ = {isa = PBXFileReference; fileEncoding = 4; lastKnownFileType = sourcecode.c.h; path = "IOSTrelloDemoTests-Prefix.pch"; sourceTree = "<group>"; };
		9272DCD01B058AC8009D6D09 /* PWBoard.h */ = {isa = PBXFileReference; fileEncoding = 4; lastKnownFileType = sourcecode.c.h; path = PWBoard.h; sourceTree = "<group>"; };
		9272DCD11B058AC8009D6D09 /* PWBoard.m */ = {isa = PBXFileReference; fileEncoding = 4; lastKnownFileType = sourcecode.c.objc; path = PWBoard.m; sourceTree = "<group>"; };
		9272DCDA1B059646009D6D09 /* PWList.h */ = {isa = PBXFileReference; fileEncoding = 4; lastKnownFileType = sourcecode.c.h; path = PWList.h; sourceTree = "<group>"; };
		9272DCDB1B059646009D6D09 /* PWList.m */ = {isa = PBXFileReference; fileEncoding = 4; lastKnownFileType = sourcecode.c.objc; path = PWList.m; sourceTree = "<group>"; };
		9272DCDD1B059E46009D6D09 /* PWCard.h */ = {isa = PBXFileReference; fileEncoding = 4; lastKnownFileType = sourcecode.c.h; path = PWCard.h; sourceTree = "<group>"; };
		9272DCDE1B059E46009D6D09 /* PWCard.m */ = {isa = PBXFileReference; fileEncoding = 4; lastKnownFileType = sourcecode.c.objc; path = PWCard.m; sourceTree = "<group>"; };
		9272DCE51B05AB7B009D6D09 /* PWHomeViewController.h */ = {isa = PBXFileReference; fileEncoding = 4; lastKnownFileType = sourcecode.c.h; path = PWHomeViewController.h; sourceTree = "<group>"; };
		9272DCE61B05AB7B009D6D09 /* PWHomeViewController.m */ = {isa = PBXFileReference; fileEncoding = 4; lastKnownFileType = sourcecode.c.objc; path = PWHomeViewController.m; sourceTree = "<group>"; };
		9272DCE81B05ABC6009D6D09 /* PWHomeViewControllerSpec.m */ = {isa = PBXFileReference; fileEncoding = 4; lastKnownFileType = sourcecode.c.objc; path = PWHomeViewControllerSpec.m; sourceTree = "<group>"; };
		9272DCEE1B05D653009D6D09 /* PWHomeCollectionViewCell.h */ = {isa = PBXFileReference; fileEncoding = 4; lastKnownFileType = sourcecode.c.h; path = PWHomeCollectionViewCell.h; sourceTree = "<group>"; };
		9272DCEF1B05D653009D6D09 /* PWHomeCollectionViewCell.m */ = {isa = PBXFileReference; fileEncoding = 4; lastKnownFileType = sourcecode.c.objc; path = PWHomeCollectionViewCell.m; sourceTree = "<group>"; };
		9272DCF11B05D817009D6D09 /* FunkRenderDelegate.h */ = {isa = PBXFileReference; fileEncoding = 4; lastKnownFileType = sourcecode.c.h; path = FunkRenderDelegate.h; sourceTree = "<group>"; };
		9272DCF21B05D817009D6D09 /* FunkRenderDelegate.m */ = {isa = PBXFileReference; fileEncoding = 4; lastKnownFileType = sourcecode.c.objc; path = FunkRenderDelegate.m; sourceTree = "<group>"; };
		9272DCF71B05EE03009D6D09 /* PWSpringLayout.h */ = {isa = PBXFileReference; fileEncoding = 4; lastKnownFileType = sourcecode.c.h; path = PWSpringLayout.h; sourceTree = "<group>"; };
		9272DCF81B05EE03009D6D09 /* PWSpringLayout.m */ = {isa = PBXFileReference; fileEncoding = 4; lastKnownFileType = sourcecode.c.objc; path = PWSpringLayout.m; sourceTree = "<group>"; };
		9272DCFC1B0607EC009D6D09 /* PWDetailViewController.h */ = {isa = PBXFileReference; fileEncoding = 4; lastKnownFileType = sourcecode.c.h; path = PWDetailViewController.h; sourceTree = "<group>"; };
		9272DCFD1B0607EC009D6D09 /* PWDetailViewController.m */ = {isa = PBXFileReference; fileEncoding = 4; lastKnownFileType = sourcecode.c.objc; path = PWDetailViewController.m; sourceTree = "<group>"; };
		9272DCFF1B06081B009D6D09 /* PWDetailViewControllerSpec.m */ = {isa = PBXFileReference; fileEncoding = 4; lastKnownFileType = sourcecode.c.objc; path = PWDetailViewControllerSpec.m; sourceTree = "<group>"; };
		9272DD011B062244009D6D09 /* PWViewController.h */ = {isa = PBXFileReference; fileEncoding = 4; lastKnownFileType = sourcecode.c.h; path = PWViewController.h; sourceTree = "<group>"; };
		9272DD021B062244009D6D09 /* PWViewController.m */ = {isa = PBXFileReference; fileEncoding = 4; lastKnownFileType = sourcecode.c.objc; path = PWViewController.m; sourceTree = "<group>"; };
		92A13BE41B09A8E7003C37FA /* PWCardSpec.m */ = {isa = PBXFileReference; fileEncoding = 4; lastKnownFileType = sourcecode.c.objc; path = PWCardSpec.m; sourceTree = "<group>"; };
		92E5D4651B0491F2005A4D0D /* IOSTrelloDemo.app */ = {isa = PBXFileReference; explicitFileType = wrapper.application; includeInIndex = 0; path = IOSTrelloDemo.app; sourceTree = BUILT_PRODUCTS_DIR; };
		92E5D4691B0491F2005A4D0D /* Info.plist */ = {isa = PBXFileReference; lastKnownFileType = text.plist.xml; path = Info.plist; sourceTree = "<group>"; };
		92E5D46A1B0491F2005A4D0D /* main.m */ = {isa = PBXFileReference; lastKnownFileType = sourcecode.c.objc; path = main.m; sourceTree = "<group>"; };
		92E5D46C1B0491F2005A4D0D /* AppDelegate.h */ = {isa = PBXFileReference; lastKnownFileType = sourcecode.c.h; path = AppDelegate.h; sourceTree = "<group>"; };
		92E5D46D1B0491F2005A4D0D /* AppDelegate.m */ = {isa = PBXFileReference; lastKnownFileType = sourcecode.c.objc; path = AppDelegate.m; sourceTree = "<group>"; };
		92E5D4731B0491F2005A4D0D /* Base */ = {isa = PBXFileReference; lastKnownFileType = file.storyboard; name = Base; path = Base.lproj/Main.storyboard; sourceTree = "<group>"; };
		92E5D4751B0491F2005A4D0D /* Images.xcassets */ = {isa = PBXFileReference; lastKnownFileType = folder.assetcatalog; path = Images.xcassets; sourceTree = "<group>"; };
		92E5D4781B0491F2005A4D0D /* Base */ = {isa = PBXFileReference; lastKnownFileType = file.xib; name = Base; path = Base.lproj/LaunchScreen.xib; sourceTree = "<group>"; };
		92E5D47E1B0491F2005A4D0D /* IOSTrelloDemoTests.xctest */ = {isa = PBXFileReference; explicitFileType = wrapper.cfbundle; includeInIndex = 0; path = IOSTrelloDemoTests.xctest; sourceTree = BUILT_PRODUCTS_DIR; };
		92E5D4831B0491F2005A4D0D /* Info.plist */ = {isa = PBXFileReference; lastKnownFileType = text.plist.xml; path = Info.plist; sourceTree = "<group>"; };
		92E5D48E1B04929C005A4D0D /* IOSTrelloDemo-Prefix.pch */ = {isa = PBXFileReference; fileEncoding = 4; lastKnownFileType = sourcecode.c.h; path = "IOSTrelloDemo-Prefix.pch"; sourceTree = "<group>"; };
		92E8DCD41B054C1C00B6DE81 /* PWLoginViewController.h */ = {isa = PBXFileReference; fileEncoding = 4; lastKnownFileType = sourcecode.c.h; path = PWLoginViewController.h; sourceTree = "<group>"; };
		92E8DCD51B054C1C00B6DE81 /* PWLoginViewController.m */ = {isa = PBXFileReference; fileEncoding = 4; lastKnownFileType = sourcecode.c.objc; path = PWLoginViewController.m; sourceTree = "<group>"; };
		92E8DCDC1B05546F00B6DE81 /* MainStoryboardSpec.m */ = {isa = PBXFileReference; fileEncoding = 4; lastKnownFileType = sourcecode.c.objc; path = MainStoryboardSpec.m; sourceTree = "<group>"; };
		B3E0FAB04ABCFDCA81A613BA /* Pods-IOSTrelloDemo.debug.xcconfig */ = {isa = PBXFileReference; includeInIndex = 1; lastKnownFileType = text.xcconfig; name = "Pods-IOSTrelloDemo.debug.xcconfig"; path = "Pods/Target Support Files/Pods-IOSTrelloDemo/Pods-IOSTrelloDemo.debug.xcconfig"; sourceTree = "<group>"; };
		C7CAAB7248CD5DE43F285271 /* Pods-IOSTrelloDemo.release.xcconfig */ = {isa = PBXFileReference; includeInIndex = 1; lastKnownFileType = text.xcconfig; name = "Pods-IOSTrelloDemo.release.xcconfig"; path = "Pods/Target Support Files/Pods-IOSTrelloDemo/Pods-IOSTrelloDemo.release.xcconfig"; sourceTree = "<group>"; };
		D54CEF6B92FF0A8404F6E016 /* libPods-IOSTrelloDemoTests.a */ = {isa = PBXFileReference; explicitFileType = archive.ar; includeInIndex = 0; path = "libPods-IOSTrelloDemoTests.a"; sourceTree = BUILT_PRODUCTS_DIR; };
/* End PBXFileReference section */

/* Begin PBXFrameworksBuildPhase section */
		92E5D4621B0491F2005A4D0D /* Frameworks */ = {
			isa = PBXFrameworksBuildPhase;
			buildActionMask = 2147483647;
			files = (
				1B50A0445169FEFB44CF2626 /* libPods-IOSTrelloDemo.a in Frameworks */,
			);
			runOnlyForDeploymentPostprocessing = 0;
		};
		92E5D47B1B0491F2005A4D0D /* Frameworks */ = {
			isa = PBXFrameworksBuildPhase;
			buildActionMask = 2147483647;
			files = (
				1B41334BFB27471F11B8E725 /* libPods-IOSTrelloDemoTests.a in Frameworks */,
			);
			runOnlyForDeploymentPostprocessing = 0;
		};
/* End PBXFrameworksBuildPhase section */

/* Begin PBXGroup section */
		9237A0931B0498B600C27B1D /* Model */ = {
			isa = PBXGroup;
			children = (
				9237A0941B0498B600C27B1D /* Communication */,
				92573A8F1B04C2780004875F /* PWDataManager.h */,
				92573A901B04C2780004875F /* PWDataManager.m */,
				9272DCD01B058AC8009D6D09 /* PWBoard.h */,
				9272DCD11B058AC8009D6D09 /* PWBoard.m */,
				9272DCDA1B059646009D6D09 /* PWList.h */,
				9272DCDB1B059646009D6D09 /* PWList.m */,
				9272DCDD1B059E46009D6D09 /* PWCard.h */,
				9272DCDE1B059E46009D6D09 /* PWCard.m */,
			);
			path = Model;
			sourceTree = "<group>";
		};
		9237A0941B0498B600C27B1D /* Communication */ = {
			isa = PBXGroup;
			children = (
				9237A0951B0498CD00C27B1D /* PWWSManager.h */,
				9237A0961B0498CD00C27B1D /* PWWSManager.m */,
			);
			path = Communication;
			sourceTree = "<group>";
		};
		92573A9B1B04D5270004875F /* Misc */ = {
			isa = PBXGroup;
			children = (
				92573A9D1B04D5320004875F /* Categories */,
				92573A9C1B04D52B0004875F /* Classes */,
			);
			path = Misc;
			sourceTree = "<group>";
		};
		92573A9C1B04D52B0004875F /* Classes */ = {
			isa = PBXGroup;
			children = (
				92573AA11B04D7B60004875F /* PWNavigationControllerDelegate.h */,
				92573AA21B04D7B60004875F /* PWNavigationControllerDelegate.m */,
				92573AA41B04D7F20004875F /* PWPopAnimator.h */,
				92573AA51B04D7F20004875F /* PWPopAnimator.m */,
				92573AA61B04D7F20004875F /* PWPushAnimator.h */,
				92573AA71B04D7F20004875F /* PWPushAnimator.m */,
				9272DD011B062244009D6D09 /* PWViewController.h */,
				9272DD021B062244009D6D09 /* PWViewController.m */,
			);
			name = Classes;
			sourceTree = "<group>";
		};
		92573A9D1B04D5320004875F /* Categories */ = {
			isa = PBXGroup;
			children = (
			);
			name = Categories;
			sourceTree = "<group>";
		};
		9272DCE31B05AB46009D6D09 /* Home */ = {
			isa = PBXGroup;
			children = (
				9272DCE41B05AB54009D6D09 /* ViewController */,
				9272DCEA1B05D3DC009D6D09 /* Misc */,
			);
			path = Home;
			sourceTree = "<group>";
		};
		9272DCE41B05AB54009D6D09 /* ViewController */ = {
			isa = PBXGroup;
			children = (
				9272DCE51B05AB7B009D6D09 /* PWHomeViewController.h */,
				9272DCE61B05AB7B009D6D09 /* PWHomeViewController.m */,
			);
			name = ViewController;
			sourceTree = "<group>";
		};
		9272DCEA1B05D3DC009D6D09 /* Misc */ = {
			isa = PBXGroup;
			children = (
				9272DCF11B05D817009D6D09 /* FunkRenderDelegate.h */,
				9272DCF21B05D817009D6D09 /* FunkRenderDelegate.m */,
				9272DCF71B05EE03009D6D09 /* PWSpringLayout.h */,
				9272DCF81B05EE03009D6D09 /* PWSpringLayout.m */,
				9272DCEE1B05D653009D6D09 /* PWHomeCollectionViewCell.h */,
				9272DCEF1B05D653009D6D09 /* PWHomeCollectionViewCell.m */,
			);
			name = Misc;
			sourceTree = "<group>";
		};
		9272DCFA1B060777009D6D09 /* Detail */ = {
			isa = PBXGroup;
			children = (
				9272DCFB1B06077E009D6D09 /* ViewControllers */,
			);
			path = Detail;
			sourceTree = "<group>";
		};
		9272DCFB1B06077E009D6D09 /* ViewControllers */ = {
			isa = PBXGroup;
			children = (
				9272DCFC1B0607EC009D6D09 /* PWDetailViewController.h */,
				9272DCFD1B0607EC009D6D09 /* PWDetailViewController.m */,
			);
			name = ViewControllers;
			sourceTree = "<group>";
		};
		92E5D45C1B0491F2005A4D0D = {
			isa = PBXGroup;
			children = (
				92E5D4671B0491F2005A4D0D /* IOSTrelloDemo */,
				92E5D4811B0491F2005A4D0D /* IOSTrelloDemoTests */,
				92E5D4661B0491F2005A4D0D /* Products */,
				FE006F935E0FFE2BC2190ECB /* Pods */,
				933F8C2C214C08A386382729 /* Frameworks */,
			);
			sourceTree = "<group>";
		};
		92E5D4661B0491F2005A4D0D /* Products */ = {
			isa = PBXGroup;
			children = (
				92E5D4651B0491F2005A4D0D /* IOSTrelloDemo.app */,
				92E5D47E1B0491F2005A4D0D /* IOSTrelloDemoTests.xctest */,
			);
			name = Products;
			sourceTree = "<group>";
		};
		92E5D4671B0491F2005A4D0D /* IOSTrelloDemo */ = {
			isa = PBXGroup;
			children = (
				9237A0931B0498B600C27B1D /* Model */,
				92E8DCD21B054BE600B6DE81 /* Login */,
				9272DCE31B05AB46009D6D09 /* Home */,
				9272DCFA1B060777009D6D09 /* Detail */,
				92573A9B1B04D5270004875F /* Misc */,
				92E5D4681B0491F2005A4D0D /* Supporting Files */,
			);
			path = IOSTrelloDemo;
			sourceTree = "<group>";
		};
		92E5D4681B0491F2005A4D0D /* Supporting Files */ = {
			isa = PBXGroup;
			children = (
				92E5D46C1B0491F2005A4D0D /* AppDelegate.h */,
				92E5D46D1B0491F2005A4D0D /* AppDelegate.m */,
				92E5D4721B0491F2005A4D0D /* Main.storyboard */,
				92E5D4751B0491F2005A4D0D /* Images.xcassets */,
				92E5D4771B0491F2005A4D0D /* LaunchScreen.xib */,
				92E5D4691B0491F2005A4D0D /* Info.plist */,
				92E5D46A1B0491F2005A4D0D /* main.m */,
				92E5D48E1B04929C005A4D0D /* IOSTrelloDemo-Prefix.pch */,
				9240FC3A1B05694600D65265 /* Localizable.strings */,
			);
			name = "Supporting Files";
			sourceTree = "<group>";
		};
		92E5D4811B0491F2005A4D0D /* IOSTrelloDemoTests */ = {
			isa = PBXGroup;
			children = (
				92E8DCD71B054CD100B6DE81 /* Tests */,
				92E5D4821B0491F2005A4D0D /* Supporting Files */,
			);
			path = IOSTrelloDemoTests;
			sourceTree = "<group>";
		};
		92E5D4821B0491F2005A4D0D /* Supporting Files */ = {
			isa = PBXGroup;
			children = (
				92E5D4831B0491F2005A4D0D /* Info.plist */,
				9272DCCF1B058081009D6D09 /* IOSTrelloDemoTests-Prefix.pch */,
			);
			name = "Supporting Files";
			sourceTree = "<group>";
		};
		92E8DCD21B054BE600B6DE81 /* Login */ = {
			isa = PBXGroup;
			children = (
				92E8DCD31B054C0800B6DE81 /* ViewController */,
			);
			path = Login;
			sourceTree = "<group>";
		};
		92E8DCD31B054C0800B6DE81 /* ViewController */ = {
			isa = PBXGroup;
			children = (
				92E8DCD41B054C1C00B6DE81 /* PWLoginViewController.h */,
				92E8DCD51B054C1C00B6DE81 /* PWLoginViewController.m */,
			);
			name = ViewController;
			sourceTree = "<group>";
		};
		92E8DCD71B054CD100B6DE81 /* Tests */ = {
			isa = PBXGroup;
			children = (
				9237A0911B04986500C27B1D /* PWWSManagerSpec.m */,
				92573A921B04C29C0004875F /* PWDataManagerSpec.m */,
				92E8DCDC1B05546F00B6DE81 /* MainStoryboardSpec.m */,
				9240FC381B055F8D00D65265 /* PWLoginViewControllerSpec.m */,
				9272DCE81B05ABC6009D6D09 /* PWHomeViewControllerSpec.m */,
				9272DCFF1B06081B009D6D09 /* PWDetailViewControllerSpec.m */,
				92A13BE41B09A8E7003C37FA /* PWCardSpec.m */,
			);
			name = Tests;
			sourceTree = "<group>";
		};
		933F8C2C214C08A386382729 /* Frameworks */ = {
			isa = PBXGroup;
			children = (
				D54CEF6B92FF0A8404F6E016 /* libPods-IOSTrelloDemoTests.a */,
				0109A8DEE3B01CC98664C465 /* libPods-IOSTrelloDemo.a */,
			);
			name = Frameworks;
			sourceTree = "<group>";
		};
		FE006F935E0FFE2BC2190ECB /* Pods */ = {
			isa = PBXGroup;
			children = (
				1BCED993224F93CA8A68122E /* Pods-IOSTrelloDemoTests.debug.xcconfig */,
				8ED6A489C7CA15858A790602 /* Pods-IOSTrelloDemoTests.release.xcconfig */,
				B3E0FAB04ABCFDCA81A613BA /* Pods-IOSTrelloDemo.debug.xcconfig */,
				C7CAAB7248CD5DE43F285271 /* Pods-IOSTrelloDemo.release.xcconfig */,
			);
			name = Pods;
			sourceTree = "<group>";
		};
/* End PBXGroup section */

/* Begin PBXNativeTarget section */
		92E5D4641B0491F2005A4D0D /* IOSTrelloDemo */ = {
			isa = PBXNativeTarget;
			buildConfigurationList = 92E5D4881B0491F2005A4D0D /* Build configuration list for PBXNativeTarget "IOSTrelloDemo" */;
			buildPhases = (
				3F43CA2BD8FCE2D7ABB61A74 /* Check Pods Manifest.lock */,
				92E5D4611B0491F2005A4D0D /* Sources */,
				92E5D4621B0491F2005A4D0D /* Frameworks */,
				92E5D4631B0491F2005A4D0D /* Resources */,
				10E4D5B83204FF3AA86C2A05 /* Copy Pods Resources */,
			);
			buildRules = (
			);
			dependencies = (
			);
			name = IOSTrelloDemo;
			productName = IOSTrelloDemo;
			productReference = 92E5D4651B0491F2005A4D0D /* IOSTrelloDemo.app */;
			productType = "com.apple.product-type.application";
		};
		92E5D47D1B0491F2005A4D0D /* IOSTrelloDemoTests */ = {
			isa = PBXNativeTarget;
			buildConfigurationList = 92E5D48B1B0491F2005A4D0D /* Build configuration list for PBXNativeTarget "IOSTrelloDemoTests" */;
			buildPhases = (
				5BA0D0FE7B597E87A18E8646 /* Check Pods Manifest.lock */,
				92E5D47A1B0491F2005A4D0D /* Sources */,
				92E5D47B1B0491F2005A4D0D /* Frameworks */,
				92E5D47C1B0491F2005A4D0D /* Resources */,
				3ACB321DAC0D330CC99A9D2B /* Copy Pods Resources */,
			);
			buildRules = (
			);
			dependencies = (
				92E5D4801B0491F2005A4D0D /* PBXTargetDependency */,
			);
			name = IOSTrelloDemoTests;
			productName = IOSTrelloDemoTests;
			productReference = 92E5D47E1B0491F2005A4D0D /* IOSTrelloDemoTests.xctest */;
			productType = "com.apple.product-type.bundle.unit-test";
		};
/* End PBXNativeTarget section */

/* Begin PBXProject section */
		92E5D45D1B0491F2005A4D0D /* Project object */ = {
			isa = PBXProject;
			attributes = {
				CLASSPREFIX = PW;
				LastUpgradeCheck = 0630;
				ORGANIZATIONNAME = "Pawel Weglewski";
				TargetAttributes = {
					92E5D4641B0491F2005A4D0D = {
						CreatedOnToolsVersion = 6.3.1;
					};
					92E5D47D1B0491F2005A4D0D = {
						CreatedOnToolsVersion = 6.3.1;
						TestTargetID = 92E5D4641B0491F2005A4D0D;
					};
				};
			};
			buildConfigurationList = 92E5D4601B0491F2005A4D0D /* Build configuration list for PBXProject "IOSTrelloDemo" */;
			compatibilityVersion = "Xcode 3.2";
			developmentRegion = English;
			hasScannedForEncodings = 0;
			knownRegions = (
				en,
				Base,
			);
			mainGroup = 92E5D45C1B0491F2005A4D0D;
			productRefGroup = 92E5D4661B0491F2005A4D0D /* Products */;
			projectDirPath = "";
			projectRoot = "";
			targets = (
				92E5D4641B0491F2005A4D0D /* IOSTrelloDemo */,
				92E5D47D1B0491F2005A4D0D /* IOSTrelloDemoTests */,
			);
		};
/* End PBXProject section */

/* Begin PBXResourcesBuildPhase section */
		92E5D4631B0491F2005A4D0D /* Resources */ = {
			isa = PBXResourcesBuildPhase;
			buildActionMask = 2147483647;
			files = (
				92E5D4741B0491F2005A4D0D /* Main.storyboard in Resources */,
				9240FC3B1B05694600D65265 /* Localizable.strings in Resources */,
				92E5D4791B0491F2005A4D0D /* LaunchScreen.xib in Resources */,
				92E5D4761B0491F2005A4D0D /* Images.xcassets in Resources */,
			);
			runOnlyForDeploymentPostprocessing = 0;
		};
		92E5D47C1B0491F2005A4D0D /* Resources */ = {
			isa = PBXResourcesBuildPhase;
			buildActionMask = 2147483647;
			files = (
			);
			runOnlyForDeploymentPostprocessing = 0;
		};
/* End PBXResourcesBuildPhase section */

/* Begin PBXShellScriptBuildPhase section */
		10E4D5B83204FF3AA86C2A05 /* Copy Pods Resources */ = {
			isa = PBXShellScriptBuildPhase;
			buildActionMask = 2147483647;
			files = (
			);
			inputPaths = (
			);
			name = "Copy Pods Resources";
			outputPaths = (
			);
			runOnlyForDeploymentPostprocessing = 0;
			shellPath = /bin/sh;
			shellScript = "\"${SRCROOT}/Pods/Target Support Files/Pods-IOSTrelloDemo/Pods-IOSTrelloDemo-resources.sh\"\n";
			showEnvVarsInLog = 0;
		};
		3ACB321DAC0D330CC99A9D2B /* Copy Pods Resources */ = {
			isa = PBXShellScriptBuildPhase;
			buildActionMask = 2147483647;
			files = (
			);
			inputPaths = (
			);
			name = "Copy Pods Resources";
			outputPaths = (
			);
			runOnlyForDeploymentPostprocessing = 0;
			shellPath = /bin/sh;
			shellScript = "\"${SRCROOT}/Pods/Target Support Files/Pods-IOSTrelloDemoTests/Pods-IOSTrelloDemoTests-resources.sh\"\n";
			showEnvVarsInLog = 0;
		};
		3F43CA2BD8FCE2D7ABB61A74 /* Check Pods Manifest.lock */ = {
			isa = PBXShellScriptBuildPhase;
			buildActionMask = 2147483647;
			files = (
			);
			inputPaths = (
			);
			name = "Check Pods Manifest.lock";
			outputPaths = (
			);
			runOnlyForDeploymentPostprocessing = 0;
			shellPath = /bin/sh;
			shellScript = "diff \"${PODS_ROOT}/../Podfile.lock\" \"${PODS_ROOT}/Manifest.lock\" > /dev/null\nif [[ $? != 0 ]] ; then\n    cat << EOM\nerror: The sandbox is not in sync with the Podfile.lock. Run 'pod install' or update your CocoaPods installation.\nEOM\n    exit 1\nfi\n";
			showEnvVarsInLog = 0;
		};
		5BA0D0FE7B597E87A18E8646 /* Check Pods Manifest.lock */ = {
			isa = PBXShellScriptBuildPhase;
			buildActionMask = 2147483647;
			files = (
			);
			inputPaths = (
			);
			name = "Check Pods Manifest.lock";
			outputPaths = (
			);
			runOnlyForDeploymentPostprocessing = 0;
			shellPath = /bin/sh;
			shellScript = "diff \"${PODS_ROOT}/../Podfile.lock\" \"${PODS_ROOT}/Manifest.lock\" > /dev/null\nif [[ $? != 0 ]] ; then\n    cat << EOM\nerror: The sandbox is not in sync with the Podfile.lock. Run 'pod install' or update your CocoaPods installation.\nEOM\n    exit 1\nfi\n";
			showEnvVarsInLog = 0;
		};
/* End PBXShellScriptBuildPhase section */

/* Begin PBXSourcesBuildPhase section */
		92E5D4611B0491F2005A4D0D /* Sources */ = {
			isa = PBXSourcesBuildPhase;
			buildActionMask = 2147483647;
			files = (
				9272DCFE1B0607EC009D6D09 /* PWDetailViewController.m in Sources */,
				92E5D46E1B0491F2005A4D0D /* AppDelegate.m in Sources */,
				92573AA91B04D7F20004875F /* PWPushAnimator.m in Sources */,
				9272DD031B062244009D6D09 /* PWViewController.m in Sources */,
				9272DCDF1B059E46009D6D09 /* PWCard.m in Sources */,
				9237A0971B0498CD00C27B1D /* PWWSManager.m in Sources */,
				9272DCD21B058AC8009D6D09 /* PWBoard.m in Sources */,
				9272DCDC1B059646009D6D09 /* PWList.m in Sources */,
				92573AA81B04D7F20004875F /* PWPopAnimator.m in Sources */,
				92E5D46B1B0491F2005A4D0D /* main.m in Sources */,
				9272DCE71B05AB7B009D6D09 /* PWHomeViewController.m in Sources */,
				9272DCF91B05EE03009D6D09 /* PWSpringLayout.m in Sources */,
				92573A911B04C2780004875F /* PWDataManager.m in Sources */,
				92E8DCD61B054C1C00B6DE81 /* PWLoginViewController.m in Sources */,
				92573AA31B04D7B60004875F /* PWNavigationControllerDelegate.m in Sources */,
				9272DCF31B05D817009D6D09 /* FunkRenderDelegate.m in Sources */,
				9272DCF01B05D653009D6D09 /* PWHomeCollectionViewCell.m in Sources */,
			);
			runOnlyForDeploymentPostprocessing = 0;
		};
		92E5D47A1B0491F2005A4D0D /* Sources */ = {
			isa = PBXSourcesBuildPhase;
			buildActionMask = 2147483647;
			files = (
				9240FC391B055F8D00D65265 /* PWLoginViewControllerSpec.m in Sources */,
				9272DD001B06081B009D6D09 /* PWDetailViewControllerSpec.m in Sources */,
				9272DCE91B05ABC6009D6D09 /* PWHomeViewControllerSpec.m in Sources */,
				9237A0921B04986500C27B1D /* PWWSManagerSpec.m in Sources */,
				92A13BE51B09A8E7003C37FA /* PWCardSpec.m in Sources */,
				92573A931B04C29C0004875F /* PWDataManagerSpec.m in Sources */,
				92E8DCDD1B05546F00B6DE81 /* MainStoryboardSpec.m in Sources */,
			);
			runOnlyForDeploymentPostprocessing = 0;
		};
/* End PBXSourcesBuildPhase section */

/* Begin PBXTargetDependency section */
		92E5D4801B0491F2005A4D0D /* PBXTargetDependency */ = {
			isa = PBXTargetDependency;
			target = 92E5D4641B0491F2005A4D0D /* IOSTrelloDemo */;
			targetProxy = 92E5D47F1B0491F2005A4D0D /* PBXContainerItemProxy */;
		};
/* End PBXTargetDependency section */

/* Begin PBXVariantGroup section */
		92E5D4721B0491F2005A4D0D /* Main.storyboard */ = {
			isa = PBXVariantGroup;
			children = (
				92E5D4731B0491F2005A4D0D /* Base */,
			);
			name = Main.storyboard;
			sourceTree = "<group>";
		};
		92E5D4771B0491F2005A4D0D /* LaunchScreen.xib */ = {
			isa = PBXVariantGroup;
			children = (
				92E5D4781B0491F2005A4D0D /* Base */,
			);
			name = LaunchScreen.xib;
			sourceTree = "<group>";
		};
/* End PBXVariantGroup section */

/* Begin XCBuildConfiguration section */
		92E5D4861B0491F2005A4D0D /* Debug */ = {
			isa = XCBuildConfiguration;
			buildSettings = {
				ALWAYS_SEARCH_USER_PATHS = NO;
				CLANG_CXX_LANGUAGE_STANDARD = "gnu++0x";
				CLANG_CXX_LIBRARY = "libc++";
				CLANG_ENABLE_MODULES = YES;
				CLANG_ENABLE_OBJC_ARC = YES;
				CLANG_WARN_BOOL_CONVERSION = YES;
				CLANG_WARN_CONSTANT_CONVERSION = YES;
				CLANG_WARN_DIRECT_OBJC_ISA_USAGE = YES_ERROR;
				CLANG_WARN_EMPTY_BODY = YES;
				CLANG_WARN_ENUM_CONVERSION = YES;
				CLANG_WARN_INT_CONVERSION = YES;
				CLANG_WARN_OBJC_ROOT_CLASS = YES_ERROR;
				CLANG_WARN_UNREACHABLE_CODE = YES;
				CLANG_WARN__DUPLICATE_METHOD_MATCH = YES;
				"CODE_SIGN_IDENTITY[sdk=iphoneos*]" = "iPhone Developer";
				COPY_PHASE_STRIP = NO;
				DEBUG_INFORMATION_FORMAT = "dwarf-with-dsym";
				ENABLE_STRICT_OBJC_MSGSEND = YES;
				GCC_C_LANGUAGE_STANDARD = gnu99;
				GCC_DYNAMIC_NO_PIC = NO;
				GCC_NO_COMMON_BLOCKS = YES;
				GCC_OPTIMIZATION_LEVEL = 0;
				GCC_PREPROCESSOR_DEFINITIONS = (
					"DEBUG=1",
					"$(inherited)",
				);
				GCC_SYMBOLS_PRIVATE_EXTERN = NO;
				GCC_WARN_64_TO_32_BIT_CONVERSION = YES;
				GCC_WARN_ABOUT_RETURN_TYPE = YES_ERROR;
				GCC_WARN_UNDECLARED_SELECTOR = YES;
				GCC_WARN_UNINITIALIZED_AUTOS = YES_AGGRESSIVE;
				GCC_WARN_UNUSED_FUNCTION = YES;
				GCC_WARN_UNUSED_VARIABLE = YES;
				IPHONEOS_DEPLOYMENT_TARGET = 8.3;
				MTL_ENABLE_DEBUG_INFO = YES;
				ONLY_ACTIVE_ARCH = YES;
				SDKROOT = iphoneos;
				TARGETED_DEVICE_FAMILY = "1,2";
			};
			name = Debug;
		};
		92E5D4871B0491F2005A4D0D /* Release */ = {
			isa = XCBuildConfiguration;
			buildSettings = {
				ALWAYS_SEARCH_USER_PATHS = NO;
				CLANG_CXX_LANGUAGE_STANDARD = "gnu++0x";
				CLANG_CXX_LIBRARY = "libc++";
				CLANG_ENABLE_MODULES = YES;
				CLANG_ENABLE_OBJC_ARC = YES;
				CLANG_WARN_BOOL_CONVERSION = YES;
				CLANG_WARN_CONSTANT_CONVERSION = YES;
				CLANG_WARN_DIRECT_OBJC_ISA_USAGE = YES_ERROR;
				CLANG_WARN_EMPTY_BODY = YES;
				CLANG_WARN_ENUM_CONVERSION = YES;
				CLANG_WARN_INT_CONVERSION = YES;
				CLANG_WARN_OBJC_ROOT_CLASS = YES_ERROR;
				CLANG_WARN_UNREACHABLE_CODE = YES;
				CLANG_WARN__DUPLICATE_METHOD_MATCH = YES;
				"CODE_SIGN_IDENTITY[sdk=iphoneos*]" = "iPhone Developer";
				COPY_PHASE_STRIP = NO;
				DEBUG_INFORMATION_FORMAT = "dwarf-with-dsym";
				ENABLE_NS_ASSERTIONS = NO;
				ENABLE_STRICT_OBJC_MSGSEND = YES;
				GCC_C_LANGUAGE_STANDARD = gnu99;
				GCC_NO_COMMON_BLOCKS = YES;
				GCC_WARN_64_TO_32_BIT_CONVERSION = YES;
				GCC_WARN_ABOUT_RETURN_TYPE = YES_ERROR;
				GCC_WARN_UNDECLARED_SELECTOR = YES;
				GCC_WARN_UNINITIALIZED_AUTOS = YES_AGGRESSIVE;
				GCC_WARN_UNUSED_FUNCTION = YES;
				GCC_WARN_UNUSED_VARIABLE = YES;
				IPHONEOS_DEPLOYMENT_TARGET = 8.3;
				MTL_ENABLE_DEBUG_INFO = NO;
				SDKROOT = iphoneos;
				TARGETED_DEVICE_FAMILY = "1,2";
				VALIDATE_PRODUCT = YES;
			};
			name = Release;
		};
		92E5D4891B0491F2005A4D0D /* Debug */ = {
			isa = XCBuildConfiguration;
			baseConfigurationReference = B3E0FAB04ABCFDCA81A613BA /* Pods-IOSTrelloDemo.debug.xcconfig */;
			buildSettings = {
				ASSETCATALOG_COMPILER_APPICON_NAME = AppIcon;
				GCC_PREFIX_HEADER = "IOSTrelloDemo/IOSTrelloDemo-Prefix.pch";
				INFOPLIST_FILE = IOSTrelloDemo/Info.plist;
				IPHONEOS_DEPLOYMENT_TARGET = 8.0;
				LD_RUNPATH_SEARCH_PATHS = "$(inherited) @executable_path/Frameworks";
				PRODUCT_NAME = "$(TARGET_NAME)";
			};
			name = Debug;
		};
		92E5D48A1B0491F2005A4D0D /* Release */ = {
			isa = XCBuildConfiguration;
			baseConfigurationReference = C7CAAB7248CD5DE43F285271 /* Pods-IOSTrelloDemo.release.xcconfig */;
			buildSettings = {
				ASSETCATALOG_COMPILER_APPICON_NAME = AppIcon;
				GCC_PREFIX_HEADER = "IOSTrelloDemo/IOSTrelloDemo-Prefix.pch";
				INFOPLIST_FILE = IOSTrelloDemo/Info.plist;
				IPHONEOS_DEPLOYMENT_TARGET = 8.0;
				LD_RUNPATH_SEARCH_PATHS = "$(inherited) @executable_path/Frameworks";
				PRODUCT_NAME = "$(TARGET_NAME)";
			};
			name = Release;
		};
		92E5D48C1B0491F2005A4D0D /* Debug */ = {
			isa = XCBuildConfiguration;
			baseConfigurationReference = 1BCED993224F93CA8A68122E /* Pods-IOSTrelloDemoTests.debug.xcconfig */;
			buildSettings = {
				BUNDLE_LOADER = "$(TEST_HOST)";
				FRAMEWORK_SEARCH_PATHS = (
					"$(SDKROOT)/Developer/Library/Frameworks",
					"$(inherited)",
				);
				GCC_PREFIX_HEADER = "IOSTrelloDemoTests/IOSTrelloDemoTests-Prefix.pch";
				GCC_PREPROCESSOR_DEFINITIONS = (
					"DEBUG=1",
					"$(inherited)",
				);
				INFOPLIST_FILE = IOSTrelloDemoTests/Info.plist;
				LD_RUNPATH_SEARCH_PATHS = "$(inherited) @executable_path/Frameworks @loader_path/Frameworks";
				PRODUCT_NAME = "$(TARGET_NAME)";
				TEST_HOST = "$(BUILT_PRODUCTS_DIR)/IOSTrelloDemo.app/IOSTrelloDemo";
			};
			name = Debug;
		};
		92E5D48D1B0491F2005A4D0D /* Release */ = {
			isa = XCBuildConfiguration;
			baseConfigurationReference = 8ED6A489C7CA15858A790602 /* Pods-IOSTrelloDemoTests.release.xcconfig */;
			buildSettings = {
				BUNDLE_LOADER = "$(TEST_HOST)";
				FRAMEWORK_SEARCH_PATHS = (
					"$(SDKROOT)/Developer/Library/Frameworks",
					"$(inherited)",
				);
				GCC_PREFIX_HEADER = "IOSTrelloDemoTests/IOSTrelloDemoTests-Prefix.pch";
				INFOPLIST_FILE = IOSTrelloDemoTests/Info.plist;
				LD_RUNPATH_SEARCH_PATHS = "$(inherited) @executable_path/Frameworks @loader_path/Frameworks";
				PRODUCT_NAME = "$(TARGET_NAME)";
				TEST_HOST = "$(BUILT_PRODUCTS_DIR)/IOSTrelloDemo.app/IOSTrelloDemo";
			};
			name = Release;
		};
/* End XCBuildConfiguration section */

/* Begin XCConfigurationList section */
		92E5D4601B0491F2005A4D0D /* Build configuration list for PBXProject "IOSTrelloDemo" */ = {
			isa = XCConfigurationList;
			buildConfigurations = (
				92E5D4861B0491F2005A4D0D /* Debug */,
				92E5D4871B0491F2005A4D0D /* Release */,
			);
			defaultConfigurationIsVisible = 0;
			defaultConfigurationName = Release;
		};
		92E5D4881B0491F2005A4D0D /* Build configuration list for PBXNativeTarget "IOSTrelloDemo" */ = {
			isa = XCConfigurationList;
			buildConfigurations = (
				92E5D4891B0491F2005A4D0D /* Debug */,
				92E5D48A1B0491F2005A4D0D /* Release */,
			);
			defaultConfigurationIsVisible = 0;
			defaultConfigurationName = Release;
		};
		92E5D48B1B0491F2005A4D0D /* Build configuration list for PBXNativeTarget "IOSTrelloDemoTests" */ = {
			isa = XCConfigurationList;
			buildConfigurations = (
				92E5D48C1B0491F2005A4D0D /* Debug */,
				92E5D48D1B0491F2005A4D0D /* Release */,
			);
			defaultConfigurationIsVisible = 0;
			defaultConfigurationName = Release;
		};
/* End XCConfigurationList section */
	};
	rootObject = 92E5D45D1B0491F2005A4D0D /* Project object */;
}
